
Microsoft Visual Studio Solution File, Format Version 12.00
# Visual Studio Version 16
VisualStudioVersion = 16.0.30320.27
MinimumVisualStudioVersion = 10.0.40219.1
Project("{9A19103F-16F7-4668-BE54-9A1E7A4F7556}") = "Core", "Core\Core.csproj", "{D681D8B7-7CFA-4F4D-8A13-34C262FE71D6}"
EndProject
Project("{9A19103F-16F7-4668-BE54-9A1E7A4F7556}") = "Database", "Database\Database.csproj", "{8D8A3E11-2A11-4A84-BDE9-6005A0E92F82}"
EndProject
Project("{9A19103F-16F7-4668-BE54-9A1E7A4F7556}") = "Models", "Models\Models.csproj", "{39BD9579-39CD-4329-985E-4ED05D9F59E6}"
EndProject
Project("{9A19103F-16F7-4668-BE54-9A1E7A4F7556}") = "API", "API\API.csproj", "{F9A1F907-EBCC-40F5-88DA-B96E1AD7002E}"
EndProject
Project("{9A19103F-16F7-4668-BE54-9A1E7A4F7556}") = "Scheduling", "Scheduling\Scheduling.csproj", "{12D6191D-9729-4675-A2D4-21D9899195DF}"
EndProject
Project("{9A19103F-16F7-4668-BE54-9A1E7A4F7556}") = "MessageBroker", "MessageBroker\MessageBroker.csproj", "{7B0A0999-1FF1-453C-B840-8189F9D08471}"
EndProject
Project("{9A19103F-16F7-4668-BE54-9A1E7A4F7556}") = "Runner", "Runner\Runner.csproj", "{EAAA2580-90D7-49AB-98E3-D7DC71F810D0}"
EndProject
Project("{9A19103F-16F7-4668-BE54-9A1E7A4F7556}") = "WebIDE", "WebIDE\WebIDE.csproj", "{25F60D5F-426B-4719-911B-4FD3CA6E2F4E}"
EndProject
Project("{2150E333-8FDC-42A3-9474-1A3956D46DE8}") = "Tests", "Tests", "{04B4609E-42F1-4912-AB13-154C2D4E4331}"
EndProject
Project("{9A19103F-16F7-4668-BE54-9A1E7A4F7556}") = "CoreTest", "CoreTest\CoreTest.csproj", "{E6F664B5-6A22-4326-8793-4F68BF41FAC5}"
EndProject
Project("{9A19103F-16F7-4668-BE54-9A1E7A4F7556}") = "WebIDETest", "WebIDETest\WebIDETest.csproj", "{E5945E3F-E034-4302-B006-E081F0063C8D}"
EndProject
Project("{FAE04EC0-301F-11D3-BF4B-00C04F79EFBC}") = "SchedulingTest", "SchedulingTest\SchedulingTest.csproj", "{DBBBCA9A-1BE2-480C-B5E1-4F02607BE3F8}"
EndProject
Global
	GlobalSection(SolutionConfigurationPlatforms) = preSolution
		Debug|Any CPU = Debug|Any CPU
		Release|Any CPU = Release|Any CPU
	EndGlobalSection
	GlobalSection(ProjectConfigurationPlatforms) = postSolution
		{D681D8B7-7CFA-4F4D-8A13-34C262FE71D6}.Debug|Any CPU.ActiveCfg = Debug|Any CPU
		{D681D8B7-7CFA-4F4D-8A13-34C262FE71D6}.Debug|Any CPU.Build.0 = Debug|Any CPU
		{D681D8B7-7CFA-4F4D-8A13-34C262FE71D6}.Release|Any CPU.ActiveCfg = Release|Any CPU
		{D681D8B7-7CFA-4F4D-8A13-34C262FE71D6}.Release|Any CPU.Build.0 = Release|Any CPU
		{8D8A3E11-2A11-4A84-BDE9-6005A0E92F82}.Debug|Any CPU.ActiveCfg = Debug|Any CPU
		{8D8A3E11-2A11-4A84-BDE9-6005A0E92F82}.Debug|Any CPU.Build.0 = Debug|Any CPU
		{8D8A3E11-2A11-4A84-BDE9-6005A0E92F82}.Release|Any CPU.ActiveCfg = Release|Any CPU
		{8D8A3E11-2A11-4A84-BDE9-6005A0E92F82}.Release|Any CPU.Build.0 = Release|Any CPU
		{39BD9579-39CD-4329-985E-4ED05D9F59E6}.Debug|Any CPU.ActiveCfg = Debug|Any CPU
		{39BD9579-39CD-4329-985E-4ED05D9F59E6}.Debug|Any CPU.Build.0 = Debug|Any CPU
		{39BD9579-39CD-4329-985E-4ED05D9F59E6}.Release|Any CPU.ActiveCfg = Release|Any CPU
		{39BD9579-39CD-4329-985E-4ED05D9F59E6}.Release|Any CPU.Build.0 = Release|Any CPU
		{F9A1F907-EBCC-40F5-88DA-B96E1AD7002E}.Debug|Any CPU.ActiveCfg = Debug|Any CPU
		{F9A1F907-EBCC-40F5-88DA-B96E1AD7002E}.Debug|Any CPU.Build.0 = Debug|Any CPU
		{F9A1F907-EBCC-40F5-88DA-B96E1AD7002E}.Release|Any CPU.ActiveCfg = Release|Any CPU
		{F9A1F907-EBCC-40F5-88DA-B96E1AD7002E}.Release|Any CPU.Build.0 = Release|Any CPU
		{12D6191D-9729-4675-A2D4-21D9899195DF}.Debug|Any CPU.ActiveCfg = Debug|Any CPU
		{12D6191D-9729-4675-A2D4-21D9899195DF}.Debug|Any CPU.Build.0 = Debug|Any CPU
		{12D6191D-9729-4675-A2D4-21D9899195DF}.Release|Any CPU.ActiveCfg = Release|Any CPU
		{12D6191D-9729-4675-A2D4-21D9899195DF}.Release|Any CPU.Build.0 = Release|Any CPU
		{7B0A0999-1FF1-453C-B840-8189F9D08471}.Debug|Any CPU.ActiveCfg = Debug|Any CPU
		{7B0A0999-1FF1-453C-B840-8189F9D08471}.Debug|Any CPU.Build.0 = Debug|Any CPU
		{7B0A0999-1FF1-453C-B840-8189F9D08471}.Release|Any CPU.ActiveCfg = Release|Any CPU
		{7B0A0999-1FF1-453C-B840-8189F9D08471}.Release|Any CPU.Build.0 = Release|Any CPU
		{EAAA2580-90D7-49AB-98E3-D7DC71F810D0}.Debug|Any CPU.ActiveCfg = Debug|Any CPU
		{EAAA2580-90D7-49AB-98E3-D7DC71F810D0}.Debug|Any CPU.Build.0 = Debug|Any CPU
		{EAAA2580-90D7-49AB-98E3-D7DC71F810D0}.Release|Any CPU.ActiveCfg = Release|Any CPU
		{EAAA2580-90D7-49AB-98E3-D7DC71F810D0}.Release|Any CPU.Build.0 = Release|Any CPU
		{25F60D5F-426B-4719-911B-4FD3CA6E2F4E}.Debug|Any CPU.ActiveCfg = Debug|Any CPU
		{25F60D5F-426B-4719-911B-4FD3CA6E2F4E}.Debug|Any CPU.Build.0 = Debug|Any CPU
		{25F60D5F-426B-4719-911B-4FD3CA6E2F4E}.Release|Any CPU.ActiveCfg = Release|Any CPU
		{25F60D5F-426B-4719-911B-4FD3CA6E2F4E}.Release|Any CPU.Build.0 = Release|Any CPU
		{E6F664B5-6A22-4326-8793-4F68BF41FAC5}.Debug|Any CPU.ActiveCfg = Debug|Any CPU
		{E6F664B5-6A22-4326-8793-4F68BF41FAC5}.Debug|Any CPU.Build.0 = Debug|Any CPU
		{E6F664B5-6A22-4326-8793-4F68BF41FAC5}.Release|Any CPU.ActiveCfg = Release|Any CPU
		{E6F664B5-6A22-4326-8793-4F68BF41FAC5}.Release|Any CPU.Build.0 = Release|Any CPU
		{E5945E3F-E034-4302-B006-E081F0063C8D}.Debug|Any CPU.ActiveCfg = Debug|Any CPU
		{E5945E3F-E034-4302-B006-E081F0063C8D}.Debug|Any CPU.Build.0 = Debug|Any CPU
		{E5945E3F-E034-4302-B006-E081F0063C8D}.Release|Any CPU.ActiveCfg = Release|Any CPU
		{E5945E3F-E034-4302-B006-E081F0063C8D}.Release|Any CPU.Build.0 = Release|Any CPU
		{DBBBCA9A-1BE2-480C-B5E1-4F02607BE3F8}.Debug|Any CPU.ActiveCfg = Debug|Any CPU
		{DBBBCA9A-1BE2-480C-B5E1-4F02607BE3F8}.Debug|Any CPU.Build.0 = Debug|Any CPU
		{DBBBCA9A-1BE2-480C-B5E1-4F02607BE3F8}.Release|Any CPU.ActiveCfg = Release|Any CPU
		{DBBBCA9A-1BE2-480C-B5E1-4F02607BE3F8}.Release|Any CPU.Build.0 = Release|Any CPU
	EndGlobalSection
	GlobalSection(SolutionProperties) = preSolution
		HideSolutionNode = FALSE
	EndGlobalSection
	GlobalSection(NestedProjects) = preSolution
		{E6F664B5-6A22-4326-8793-4F68BF41FAC5} = {04B4609E-42F1-4912-AB13-154C2D4E4331}
		{E5945E3F-E034-4302-B006-E081F0063C8D} = {04B4609E-42F1-4912-AB13-154C2D4E4331}
		{DBBBCA9A-1BE2-480C-B5E1-4F02607BE3F8} = {04B4609E-42F1-4912-AB13-154C2D4E4331}
	EndGlobalSection
	GlobalSection(ExtensibilityGlobals) = postSolution
		SolutionGuid = {05E50956-3E0F-4664-87CA-96AF7EEA9269}
	EndGlobalSection
EndGlobal
